PODS:
  - device_info_plus (0.0.1):
    - Flutter
  - DKImagePickerController/Core (4.3.4):
    - DKImagePickerController/ImageDataManager
    - DKImagePickerController/Resource
  - DKImagePickerController/ImageDataManager (4.3.4)
  - DKImagePickerController/PhotoGallery (4.3.4):
    - DKImagePickerController/Core
    - DKPhotoGallery
  - DKImagePickerController/Resource (4.3.4)
  - DKPhotoGallery (0.0.17):
    - DKPhotoGallery/Core (= 0.0.17)
    - DKPhotoGallery/Model (= 0.0.17)
    - DKPhotoGallery/Preview (= 0.0.17)
    - DKPhotoGallery/Resource (= 0.0.17)
    - SDWebImage
    - SwiftyGif
  - DKPhotoGallery/Core (0.0.17):
    - DKPhotoGallery/Model
    - DKPhotoGallery/Preview
    - SDWebImage
    - SwiftyGif
  - DKPhotoGallery/Model (0.0.17):
    - SDWebImage
    - SwiftyGif
  - DKPhotoGallery/Preview (0.0.17):
    - DKPhotoGallery/Model
    - DKPhotoGallery/Resource
    - SDWebImage
    - SwiftyGif
  - DKPhotoGallery/Resource (0.0.17):
    - SDWebImage
    - SwiftyGif
  - file_picker (0.0.1):
    - DKImagePickerController/PhotoGallery
    - Flutter
  - fl_downloader (0.0.1):
    - Flutter
  - Flutter (1.0.0)
  - flutter_downloader (0.0.1):
    - Flutter
  - flutter_inappwebview (0.0.1):
    - Flutter
    - flutter_inappwebview/Core (= 0.0.1)
    - OrderedSet (~> 5.0)
  - flutter_inappwebview/Core (0.0.1):
    - Flutter
    - OrderedSet (~> 5.0)
  - local_auth_ios (0.0.1):
    - Flutter
  - OrderedSet (5.0.0)
  - path_provider_ios (0.0.1):
    - Flutter
  - permission_handler_apple (9.0.4):
    - Flutter
  - SDWebImage (5.13.2):
    - SDWebImage/Core (= 5.13.2)
  - SDWebImage/Core (5.13.2)
  - simple_downloader (0.0.1):
    - Flutter
  - SwiftyGif (5.4.3)
  - webview_flutter_wkwebview (0.0.1):
    - Flutter

DEPENDENCIES:
  - device_info_plus (from `.symlinks/plugins/device_info_plus/ios`)
  - file_picker (from `.symlinks/plugins/file_picker/ios`)
  - fl_downloader (from `.symlinks/plugins/fl_downloader/ios`)
  - Flutter (from `Flutter`)
  - flutter_downloader (from `.symlinks/plugins/flutter_downloader/ios`)
  - flutter_inappwebview (from `.symlinks/plugins/flutter_inappwebview/ios`)
  - local_auth_ios (from `.symlinks/plugins/local_auth_ios/ios`)
  - path_provider_ios (from `.symlinks/plugins/path_provider_ios/ios`)
  - permission_handler_apple (from `.symlinks/plugins/permission_handler_apple/ios`)
  - simple_downloader (from `.symlinks/plugins/simple_downloader/ios`)
  - webview_flutter_wkwebview (from `.symlinks/plugins/webview_flutter_wkwebview/ios`)

SPEC REPOS:
  trunk:
    - DKImagePickerController
    - DKPhotoGallery
    - OrderedSet
    - SDWebImage
    - SwiftyGif

EXTERNAL SOURCES:
  device_info_plus:
    :path: ".symlinks/plugins/device_info_plus/ios"
  file_picker:
    :path: ".symlinks/plugins/file_picker/ios"
  fl_downloader:
    :path: ".symlinks/plugins/fl_downloader/ios"
  Flutter:
    :path: Flutter
  flutter_downloader:
    :path: ".symlinks/plugins/flutter_downloader/ios"
  flutter_inappwebview:
    :path: ".symlinks/plugins/flutter_inappwebview/ios"
  local_auth_ios:
    :path: ".symlinks/plugins/local_auth_ios/ios"
  path_provider_ios:
    :path: ".symlinks/plugins/path_provider_ios/ios"
  permission_handler_apple:
    :path: ".symlinks/plugins/permission_handler_apple/ios"
  simple_downloader:
    :path: ".symlinks/plugins/simple_downloader/ios"
  webview_flutter_wkwebview:
    :path: ".symlinks/plugins/webview_flutter_wkwebview/ios"

SPEC CHECKSUMS:
  device_info_plus: e5c5da33f982a436e103237c0c85f9031142abed
  DKImagePickerController: b512c28220a2b8ac7419f21c491fc8534b7601ac
  DKPhotoGallery: fdfad5125a9fdda9cc57df834d49df790dbb4179
  file_picker: 817ab1d8cd2da9d2da412a417162deee3500fc95
  fl_downloader: 69209ed3c0d2541865495337bbdf813b9f9d1f36
  Flutter: f04841e97a9d0b0a8025694d0796dd46242b2854
  flutter_downloader: b7301ae057deadd4b1650dc7c05375f10ff12c39
  flutter_inappwebview: bfd58618f49dc62f2676de690fc6dcda1d6c3721
  local_auth_ios: 0d333dde7780f669e66f19d2ff6005f3ea84008d
  OrderedSet: aaeb196f7fef5a9edf55d89760da9176ad40b93c
  path_provider_ios: 14f3d2fd28c4fdb42f44e0f751d12861c43cee02
  permission_handler_apple: 44366e37eaf29454a1e7b1b7d736c2cceaeb17ce
  SDWebImage: 72f86271a6f3139cc7e4a89220946489d4b9a866
  simple_downloader: e77519fbfe6a771b9b83c55a326e60ed4079cdfa
  SwiftyGif: 6c3eafd0ce693cad58bb63d2b2fb9bacb8552780
  webview_flutter_wkwebview: 2e2d318f21a5e036e2c3f26171342e95908bd60a

PODFILE CHECKSUM: ef19549a9bc3046e7bb7d2fab4d021637c0c58a3

COCOAPODS: 1.12.0
